
Microsoft Visual Studio Solution File, Format Version 12.00
# Visual Studio Version 16
VisualStudioVersion = 16.0.31624.102
MinimumVisualStudioVersion = 10.0.40219.1
Project("{FAE04EC0-301F-11D3-BF4B-00C04F79EFBC}") = "Task1", "Task1\Task1.csproj", "{C0094699-37A3-41EA-9066-5E0B88AED34F}"
EndProject
Global
	GlobalSection(SolutionConfigurationPlatforms) = preSolution
		Debug|Any CPU = Debug|Any CPU
		Release|Any CPU = Release|Any CPU
	EndGlobalSection
	GlobalSection(ProjectConfigurationPlatforms) = postSolution
		{C0094699-37A3-41EA-9066-5E0B88AED34F}.Debug|Any CPU.ActiveCfg = Debug|Any CPU
		{C0094699-37A3-41EA-9066-5E0B88AED34F}.Debug|Any CPU.Build.0 = Debug|Any CPU
		{C0094699-37A3-41EA-9066-5E0B88AED34F}.Release|Any CPU.ActiveCfg = Release|Any CPU
		{C0094699-37A3-41EA-9066-5E0B88AED34F}.Release|Any CPU.Build.0 = Release|Any CPU
	EndGlobalSection
	GlobalSection(SolutionProperties) = preSolution
		HideSolutionNode = FALSE
	EndGlobalSection
	GlobalSection(ExtensibilityGlobals) = postSolution
		SolutionGuid = {B816EC4C-2C7D-4634-BE60-33C03F73EEDB}
	EndGlobalSection
EndGlobal
